
Microsoft Visual Studio Solution File, Format Version 12.00
# Visual Studio Version 16
VisualStudioVersion = 16.0.29728.190
MinimumVisualStudioVersion = 10.0.40219.1
Project("{FAE04EC0-301F-11D3-BF4B-00C04F79EFBC}") = "ProgPairGame", "ProgPairGame\ProgPairGame.csproj", "{846E608C-78A0-460B-BED1-742141E1D2DD}"
EndProject
Global
	GlobalSection(SolutionConfigurationPlatforms) = preSolution
		Debug|Any CPU = Debug|Any CPU
		Release|Any CPU = Release|Any CPU
	EndGlobalSection
	GlobalSection(ProjectConfigurationPlatforms) = postSolution
		{846E608C-78A0-460B-BED1-742141E1D2DD}.Debug|Any CPU.ActiveCfg = Debug|Any CPU
		{846E608C-78A0-460B-BED1-742141E1D2DD}.Debug|Any CPU.Build.0 = Debug|Any CPU
		{846E608C-78A0-460B-BED1-742141E1D2DD}.Release|Any CPU.ActiveCfg = Release|Any CPU
		{846E608C-78A0-460B-BED1-742141E1D2DD}.Release|Any CPU.Build.0 = Release|Any CPU
	EndGlobalSection
	GlobalSection(SolutionProperties) = preSolution
		HideSolutionNode = FALSE
	EndGlobalSection
	GlobalSection(ExtensibilityGlobals) = postSolution
		SolutionGuid = {F733ABDD-67F0-45FD-8A54-FCA869464C76}
	EndGlobalSection
EndGlobal
